
Microsoft Visual Studio Solution File, Format Version 11.00
# Visual Studio 2010
Project("{2150E333-8FDC-42A3-9474-1A3956D46DE8}") = "src", "src", "{00DB3418-C74D-4C37-A589-7E8EDD547AF8}"
EndProject
Project("{2150E333-8FDC-42A3-9474-1A3956D46DE8}") = "test", "test", "{2F05A44E-FCAB-4078-A2FE-56C4480C80E3}"
EndProject
Project("{FAE04EC0-301F-11D3-BF4B-00C04F79EFBC}") = "InsertionSort", "src\InsertingSorting\InsertionSort.csproj", "{E6A8BD85-5BF5-426E-B7CC-2AB50CF9825F}"
EndProject
Project("{FAE04EC0-301F-11D3-BF4B-00C04F79EFBC}") = "InsertionSortTest", "test\InsertionSortTest\InsertionSortTest.csproj", "{D17204E5-6BDF-4D91-99DD-217E4B74596B}"
EndProject
Project("{FAE04EC0-301F-11D3-BF4B-00C04F79EFBC}") = "MergeSort", "src\MergeSort\MergeSort.csproj", "{EDA42799-6786-4C75-92C2-2A975B8F2CAD}"
EndProject
Project("{FAE04EC0-301F-11D3-BF4B-00C04F79EFBC}") = "MergeSortTest", "test\MergeSortTest\MergeSortTest.csproj", "{5114F546-9B5B-4FD9-A7F6-075810702164}"
EndProject
Project("{FAE04EC0-301F-11D3-BF4B-00C04F79EFBC}") = "BubbleSort", "src\BubbleSort\BubbleSort.csproj", "{B5E34270-44F7-41A9-9CE6-6D48E91F4C19}"
EndProject
Project("{FAE04EC0-301F-11D3-BF4B-00C04F79EFBC}") = "BubbleSortTest", "test\BubbleSortTest\BubbleSortTest.csproj", "{B4B01F6D-27EA-47F8-A06F-DB7E5D839E63}"
EndProject
Project("{FAE04EC0-301F-11D3-BF4B-00C04F79EFBC}") = "QuickSortTest", "test\QuickSortTest\QuickSortTest.csproj", "{7256623F-5B95-4B78-89AE-11B42748EA6C}"
EndProject
Project("{FAE04EC0-301F-11D3-BF4B-00C04F79EFBC}") = "QuickSort", "src\QuickSort\QuickSort.csproj", "{655D6D95-DDB5-48F5-A21A-6B6BC223D61C}"
EndProject
Project("{FAE04EC0-301F-11D3-BF4B-00C04F79EFBC}") = "BinarySearch", "test\BinarySearch\BinarySearch.csproj", "{26F9589F-5DE4-4E79-B497-B3962FC52384}"
EndProject
Project("{FAE04EC0-301F-11D3-BF4B-00C04F79EFBC}") = "BinarySearch", "src\BinarySearch\BinarySearch.csproj", "{AAECA92B-146D-4C6D-9B3A-C6E60136C723}"
EndProject
Global
	GlobalSection(SolutionConfigurationPlatforms) = preSolution
		Debug|Any CPU = Debug|Any CPU
		Debug|Mixed Platforms = Debug|Mixed Platforms
		Debug|x86 = Debug|x86
		Release|Any CPU = Release|Any CPU
		Release|Mixed Platforms = Release|Mixed Platforms
		Release|x86 = Release|x86
	EndGlobalSection
	GlobalSection(ProjectConfigurationPlatforms) = postSolution
		{E6A8BD85-5BF5-426E-B7CC-2AB50CF9825F}.Debug|Any CPU.ActiveCfg = Debug|x86
		{E6A8BD85-5BF5-426E-B7CC-2AB50CF9825F}.Debug|Mixed Platforms.ActiveCfg = Debug|x86
		{E6A8BD85-5BF5-426E-B7CC-2AB50CF9825F}.Debug|Mixed Platforms.Build.0 = Debug|x86
		{E6A8BD85-5BF5-426E-B7CC-2AB50CF9825F}.Debug|x86.ActiveCfg = Debug|x86
		{E6A8BD85-5BF5-426E-B7CC-2AB50CF9825F}.Debug|x86.Build.0 = Debug|x86
		{E6A8BD85-5BF5-426E-B7CC-2AB50CF9825F}.Release|Any CPU.ActiveCfg = Release|x86
		{E6A8BD85-5BF5-426E-B7CC-2AB50CF9825F}.Release|Mixed Platforms.ActiveCfg = Release|x86
		{E6A8BD85-5BF5-426E-B7CC-2AB50CF9825F}.Release|Mixed Platforms.Build.0 = Release|x86
		{E6A8BD85-5BF5-426E-B7CC-2AB50CF9825F}.Release|x86.ActiveCfg = Release|x86
		{E6A8BD85-5BF5-426E-B7CC-2AB50CF9825F}.Release|x86.Build.0 = Release|x86
		{D17204E5-6BDF-4D91-99DD-217E4B74596B}.Debug|Any CPU.ActiveCfg = Debug|x86
		{D17204E5-6BDF-4D91-99DD-217E4B74596B}.Debug|Mixed Platforms.ActiveCfg = Debug|x86
		{D17204E5-6BDF-4D91-99DD-217E4B74596B}.Debug|Mixed Platforms.Build.0 = Debug|x86
		{D17204E5-6BDF-4D91-99DD-217E4B74596B}.Debug|x86.ActiveCfg = Debug|x86
		{D17204E5-6BDF-4D91-99DD-217E4B74596B}.Debug|x86.Build.0 = Debug|x86
		{D17204E5-6BDF-4D91-99DD-217E4B74596B}.Release|Any CPU.ActiveCfg = Release|x86
		{D17204E5-6BDF-4D91-99DD-217E4B74596B}.Release|Mixed Platforms.ActiveCfg = Release|x86
		{D17204E5-6BDF-4D91-99DD-217E4B74596B}.Release|Mixed Platforms.Build.0 = Release|x86
		{D17204E5-6BDF-4D91-99DD-217E4B74596B}.Release|x86.ActiveCfg = Release|x86
		{D17204E5-6BDF-4D91-99DD-217E4B74596B}.Release|x86.Build.0 = Release|x86
		{EDA42799-6786-4C75-92C2-2A975B8F2CAD}.Debug|Any CPU.ActiveCfg = Debug|x86
		{EDA42799-6786-4C75-92C2-2A975B8F2CAD}.Debug|Mixed Platforms.ActiveCfg = Debug|x86
		{EDA42799-6786-4C75-92C2-2A975B8F2CAD}.Debug|Mixed Platforms.Build.0 = Debug|x86
		{EDA42799-6786-4C75-92C2-2A975B8F2CAD}.Debug|x86.ActiveCfg = Debug|x86
		{EDA42799-6786-4C75-92C2-2A975B8F2CAD}.Debug|x86.Build.0 = Debug|x86
		{EDA42799-6786-4C75-92C2-2A975B8F2CAD}.Release|Any CPU.ActiveCfg = Release|x86
		{EDA42799-6786-4C75-92C2-2A975B8F2CAD}.Release|Mixed Platforms.ActiveCfg = Release|x86
		{EDA42799-6786-4C75-92C2-2A975B8F2CAD}.Release|Mixed Platforms.Build.0 = Release|x86
		{EDA42799-6786-4C75-92C2-2A975B8F2CAD}.Release|x86.ActiveCfg = Release|x86
		{EDA42799-6786-4C75-92C2-2A975B8F2CAD}.Release|x86.Build.0 = Release|x86
		{5114F546-9B5B-4FD9-A7F6-075810702164}.Debug|Any CPU.ActiveCfg = Debug|x86
		{5114F546-9B5B-4FD9-A7F6-075810702164}.Debug|Mixed Platforms.ActiveCfg = Debug|x86
		{5114F546-9B5B-4FD9-A7F6-075810702164}.Debug|Mixed Platforms.Build.0 = Debug|x86
		{5114F546-9B5B-4FD9-A7F6-075810702164}.Debug|x86.ActiveCfg = Debug|x86
		{5114F546-9B5B-4FD9-A7F6-075810702164}.Debug|x86.Build.0 = Debug|x86
		{5114F546-9B5B-4FD9-A7F6-075810702164}.Release|Any CPU.ActiveCfg = Release|x86
		{5114F546-9B5B-4FD9-A7F6-075810702164}.Release|Mixed Platforms.ActiveCfg = Release|x86
		{5114F546-9B5B-4FD9-A7F6-075810702164}.Release|Mixed Platforms.Build.0 = Release|x86
		{5114F546-9B5B-4FD9-A7F6-075810702164}.Release|x86.ActiveCfg = Release|x86
		{5114F546-9B5B-4FD9-A7F6-075810702164}.Release|x86.Build.0 = Release|x86
		{B5E34270-44F7-41A9-9CE6-6D48E91F4C19}.Debug|Any CPU.ActiveCfg = Debug|x86
		{B5E34270-44F7-41A9-9CE6-6D48E91F4C19}.Debug|Mixed Platforms.ActiveCfg = Debug|x86
		{B5E34270-44F7-41A9-9CE6-6D48E91F4C19}.Debug|Mixed Platforms.Build.0 = Debug|x86
		{B5E34270-44F7-41A9-9CE6-6D48E91F4C19}.Debug|x86.ActiveCfg = Debug|x86
		{B5E34270-44F7-41A9-9CE6-6D48E91F4C19}.Debug|x86.Build.0 = Debug|x86
		{B5E34270-44F7-41A9-9CE6-6D48E91F4C19}.Release|Any CPU.ActiveCfg = Release|x86
		{B5E34270-44F7-41A9-9CE6-6D48E91F4C19}.Release|Mixed Platforms.ActiveCfg = Release|x86
		{B5E34270-44F7-41A9-9CE6-6D48E91F4C19}.Release|Mixed Platforms.Build.0 = Release|x86
		{B5E34270-44F7-41A9-9CE6-6D48E91F4C19}.Release|x86.ActiveCfg = Release|x86
		{B5E34270-44F7-41A9-9CE6-6D48E91F4C19}.Release|x86.Build.0 = Release|x86
		{B4B01F6D-27EA-47F8-A06F-DB7E5D839E63}.Debug|Any CPU.ActiveCfg = Debug|Any CPU
		{B4B01F6D-27EA-47F8-A06F-DB7E5D839E63}.Debug|Any CPU.Build.0 = Debug|Any CPU
		{B4B01F6D-27EA-47F8-A06F-DB7E5D839E63}.Debug|Mixed Platforms.ActiveCfg = Debug|Any CPU
		{B4B01F6D-27EA-47F8-A06F-DB7E5D839E63}.Debug|Mixed Platforms.Build.0 = Debug|Any CPU
		{B4B01F6D-27EA-47F8-A06F-DB7E5D839E63}.Debug|x86.ActiveCfg = Debug|Any CPU
		{B4B01F6D-27EA-47F8-A06F-DB7E5D839E63}.Release|Any CPU.ActiveCfg = Release|Any CPU
		{B4B01F6D-27EA-47F8-A06F-DB7E5D839E63}.Release|Any CPU.Build.0 = Release|Any CPU
		{B4B01F6D-27EA-47F8-A06F-DB7E5D839E63}.Release|Mixed Platforms.ActiveCfg = Release|Any CPU
		{B4B01F6D-27EA-47F8-A06F-DB7E5D839E63}.Release|Mixed Platforms.Build.0 = Release|Any CPU
		{B4B01F6D-27EA-47F8-A06F-DB7E5D839E63}.Release|x86.ActiveCfg = Release|Any CPU
		{7256623F-5B95-4B78-89AE-11B42748EA6C}.Debug|Any CPU.ActiveCfg = Debug|Any CPU
		{7256623F-5B95-4B78-89AE-11B42748EA6C}.Debug|Any CPU.Build.0 = Debug|Any CPU
		{7256623F-5B95-4B78-89AE-11B42748EA6C}.Debug|Mixed Platforms.ActiveCfg = Debug|Any CPU
		{7256623F-5B95-4B78-89AE-11B42748EA6C}.Debug|Mixed Platforms.Build.0 = Debug|Any CPU
		{7256623F-5B95-4B78-89AE-11B42748EA6C}.Debug|x86.ActiveCfg = Debug|Any CPU
		{7256623F-5B95-4B78-89AE-11B42748EA6C}.Release|Any CPU.ActiveCfg = Release|Any CPU
		{7256623F-5B95-4B78-89AE-11B42748EA6C}.Release|Any CPU.Build.0 = Release|Any CPU
		{7256623F-5B95-4B78-89AE-11B42748EA6C}.Release|Mixed Platforms.ActiveCfg = Release|Any CPU
		{7256623F-5B95-4B78-89AE-11B42748EA6C}.Release|Mixed Platforms.Build.0 = Release|Any CPU
		{7256623F-5B95-4B78-89AE-11B42748EA6C}.Release|x86.ActiveCfg = Release|Any CPU
		{655D6D95-DDB5-48F5-A21A-6B6BC223D61C}.Debug|Any CPU.ActiveCfg = Debug|Any CPU
		{655D6D95-DDB5-48F5-A21A-6B6BC223D61C}.Debug|Any CPU.Build.0 = Debug|Any CPU
		{655D6D95-DDB5-48F5-A21A-6B6BC223D61C}.Debug|Mixed Platforms.ActiveCfg = Debug|Any CPU
		{655D6D95-DDB5-48F5-A21A-6B6BC223D61C}.Debug|Mixed Platforms.Build.0 = Debug|Any CPU
		{655D6D95-DDB5-48F5-A21A-6B6BC223D61C}.Debug|x86.ActiveCfg = Debug|Any CPU
		{655D6D95-DDB5-48F5-A21A-6B6BC223D61C}.Release|Any CPU.ActiveCfg = Release|Any CPU
		{655D6D95-DDB5-48F5-A21A-6B6BC223D61C}.Release|Any CPU.Build.0 = Release|Any CPU
		{655D6D95-DDB5-48F5-A21A-6B6BC223D61C}.Release|Mixed Platforms.ActiveCfg = Release|Any CPU
		{655D6D95-DDB5-48F5-A21A-6B6BC223D61C}.Release|Mixed Platforms.Build.0 = Release|Any CPU
		{655D6D95-DDB5-48F5-A21A-6B6BC223D61C}.Release|x86.ActiveCfg = Release|Any CPU
		{26F9589F-5DE4-4E79-B497-B3962FC52384}.Debug|Any CPU.ActiveCfg = Debug|Any CPU
		{26F9589F-5DE4-4E79-B497-B3962FC52384}.Debug|Any CPU.Build.0 = Debug|Any CPU
		{26F9589F-5DE4-4E79-B497-B3962FC52384}.Debug|Mixed Platforms.ActiveCfg = Debug|Any CPU
		{26F9589F-5DE4-4E79-B497-B3962FC52384}.Debug|Mixed Platforms.Build.0 = Debug|Any CPU
		{26F9589F-5DE4-4E79-B497-B3962FC52384}.Debug|x86.ActiveCfg = Debug|Any CPU
		{26F9589F-5DE4-4E79-B497-B3962FC52384}.Release|Any CPU.ActiveCfg = Release|Any CPU
		{26F9589F-5DE4-4E79-B497-B3962FC52384}.Release|Any CPU.Build.0 = Release|Any CPU
		{26F9589F-5DE4-4E79-B497-B3962FC52384}.Release|Mixed Platforms.ActiveCfg = Release|Any CPU
		{26F9589F-5DE4-4E79-B497-B3962FC52384}.Release|Mixed Platforms.Build.0 = Release|Any CPU
		{26F9589F-5DE4-4E79-B497-B3962FC52384}.Release|x86.ActiveCfg = Release|Any CPU
		{AAECA92B-146D-4C6D-9B3A-C6E60136C723}.Debug|Any CPU.ActiveCfg = Debug|Any CPU
		{AAECA92B-146D-4C6D-9B3A-C6E60136C723}.Debug|Any CPU.Build.0 = Debug|Any CPU
		{AAECA92B-146D-4C6D-9B3A-C6E60136C723}.Debug|Mixed Platforms.ActiveCfg = Debug|Any CPU
		{AAECA92B-146D-4C6D-9B3A-C6E60136C723}.Debug|Mixed Platforms.Build.0 = Debug|Any CPU
		{AAECA92B-146D-4C6D-9B3A-C6E60136C723}.Debug|x86.ActiveCfg = Debug|Any CPU
		{AAECA92B-146D-4C6D-9B3A-C6E60136C723}.Release|Any CPU.ActiveCfg = Release|Any CPU
		{AAECA92B-146D-4C6D-9B3A-C6E60136C723}.Release|Any CPU.Build.0 = Release|Any CPU
		{AAECA92B-146D-4C6D-9B3A-C6E60136C723}.Release|Mixed Platforms.ActiveCfg = Release|Any CPU
		{AAECA92B-146D-4C6D-9B3A-C6E60136C723}.Release|Mixed Platforms.Build.0 = Release|Any CPU
		{AAECA92B-146D-4C6D-9B3A-C6E60136C723}.Release|x86.ActiveCfg = Release|Any CPU
	EndGlobalSection
	GlobalSection(SolutionProperties) = preSolution
		HideSolutionNode = FALSE
	EndGlobalSection
	GlobalSection(NestedProjects) = preSolution
		{E6A8BD85-5BF5-426E-B7CC-2AB50CF9825F} = {00DB3418-C74D-4C37-A589-7E8EDD547AF8}
		{EDA42799-6786-4C75-92C2-2A975B8F2CAD} = {00DB3418-C74D-4C37-A589-7E8EDD547AF8}
		{B5E34270-44F7-41A9-9CE6-6D48E91F4C19} = {00DB3418-C74D-4C37-A589-7E8EDD547AF8}
		{655D6D95-DDB5-48F5-A21A-6B6BC223D61C} = {00DB3418-C74D-4C37-A589-7E8EDD547AF8}
		{AAECA92B-146D-4C6D-9B3A-C6E60136C723} = {00DB3418-C74D-4C37-A589-7E8EDD547AF8}
		{D17204E5-6BDF-4D91-99DD-217E4B74596B} = {2F05A44E-FCAB-4078-A2FE-56C4480C80E3}
		{5114F546-9B5B-4FD9-A7F6-075810702164} = {2F05A44E-FCAB-4078-A2FE-56C4480C80E3}
		{B4B01F6D-27EA-47F8-A06F-DB7E5D839E63} = {2F05A44E-FCAB-4078-A2FE-56C4480C80E3}
		{7256623F-5B95-4B78-89AE-11B42748EA6C} = {2F05A44E-FCAB-4078-A2FE-56C4480C80E3}
		{26F9589F-5DE4-4E79-B497-B3962FC52384} = {2F05A44E-FCAB-4078-A2FE-56C4480C80E3}
	EndGlobalSection
EndGlobal
